
Microsoft Visual Studio Solution File, Format Version 12.00
# Visual Studio 15
VisualStudioVersion = 15.0.27703.2042
MinimumVisualStudioVersion = 10.0.40219.1
Project("{FAE04EC0-301F-11D3-BF4B-00C04F79EFBC}") = "ExchangeRateView", "ExchangeRateView\ExchangeRateView.csproj", "{46C99456-2D3D-4B1C-85E1-FD5B00A9BA8A}"
EndProject
Global
	GlobalSection(SolutionConfigurationPlatforms) = preSolution
		Debug|Any CPU = Debug|Any CPU
		Release|Any CPU = Release|Any CPU
	EndGlobalSection
	GlobalSection(ProjectConfigurationPlatforms) = postSolution
		{46C99456-2D3D-4B1C-85E1-FD5B00A9BA8A}.Debug|Any CPU.ActiveCfg = Debug|Any CPU
		{46C99456-2D3D-4B1C-85E1-FD5B00A9BA8A}.Debug|Any CPU.Build.0 = Debug|Any CPU
		{46C99456-2D3D-4B1C-85E1-FD5B00A9BA8A}.Release|Any CPU.ActiveCfg = Release|Any CPU
		{46C99456-2D3D-4B1C-85E1-FD5B00A9BA8A}.Release|Any CPU.Build.0 = Release|Any CPU
	EndGlobalSection
	GlobalSection(SolutionProperties) = preSolution
		HideSolutionNode = FALSE
	EndGlobalSection
	GlobalSection(ExtensibilityGlobals) = postSolution
		SolutionGuid = {6CC12C44-9DF8-4F7A-87E9-8E3813BE60E2}
	EndGlobalSection
EndGlobal
